// !$*UTF8*$!
{
	archiveVersion = 1;
	classes = {
	};
	objectVersion = 56;
	objects = {

/* Begin PBXBuildFile section */
		180725172AFF53F900B8E00C /* FZStreamChatApp.swift in Sources */ = {isa = PBXBuildFile; fileRef = 180725162AFF53F900B8E00C /* FZStreamChatApp.swift */; };
		180725192AFF53F900B8E00C /* ContentView.swift in Sources */ = {isa = PBXBuildFile; fileRef = 180725182AFF53F900B8E00C /* ContentView.swift */; };
		1807251B2AFF53FA00B8E00C /* Assets.xcassets in Resources */ = {isa = PBXBuildFile; fileRef = 1807251A2AFF53FA00B8E00C /* Assets.xcassets */; };
		1807251F2AFF53FA00B8E00C /* Preview Assets.xcassets in Resources */ = {isa = PBXBuildFile; fileRef = 1807251E2AFF53FA00B8E00C /* Preview Assets.xcassets */; };
		180725292AFF53FA00B8E00C /* FZStreamChatTests.swift in Sources */ = {isa = PBXBuildFile; fileRef = 180725282AFF53FA00B8E00C /* FZStreamChatTests.swift */; };
		180725332AFF53FA00B8E00C /* FZStreamChatUITests.swift in Sources */ = {isa = PBXBuildFile; fileRef = 180725322AFF53FA00B8E00C /* FZStreamChatUITests.swift */; };
		180725352AFF53FA00B8E00C /* FZStreamChatUITestsLaunchTests.swift in Sources */ = {isa = PBXBuildFile; fileRef = 180725342AFF53FA00B8E00C /* FZStreamChatUITestsLaunchTests.swift */; };
		180725432AFF57FE00B8E00C /* StreamChatSwiftUI in Frameworks */ = {isa = PBXBuildFile; productRef = 180725422AFF57FE00B8E00C /* StreamChatSwiftUI */; };
/* End PBXBuildFile section */

/* Begin PBXContainerItemProxy section */
		180725252AFF53FA00B8E00C /* PBXContainerItemProxy */ = {
			isa = PBXContainerItemProxy;
			containerPortal = 1807250B2AFF53F900B8E00C /* Project object */;
			proxyType = 1;
			remoteGlobalIDString = 180725122AFF53F900B8E00C;
			remoteInfo = FZStreamChat;
		};
		1807252F2AFF53FA00B8E00C /* PBXContainerItemProxy */ = {
			isa = PBXContainerItemProxy;
			containerPortal = 1807250B2AFF53F900B8E00C /* Project object */;
			proxyType = 1;
			remoteGlobalIDString = 180725122AFF53F900B8E00C;
			remoteInfo = FZStreamChat;
		};
/* End PBXContainerItemProxy section */

/* Begin PBXFileReference section */
		180725132AFF53F900B8E00C /* FZStreamChat.app */ = {isa = PBXFileReference; explicitFileType = wrapper.application; includeInIndex = 0; path = FZStreamChat.app; sourceTree = BUILT_PRODUCTS_DIR; };
		180725162AFF53F900B8E00C /* FZStreamChatApp.swift */ = {isa = PBXFileReference; lastKnownFileType = sourcecode.swift; path = FZStreamChatApp.swift; sourceTree = "<group>"; };
		180725182AFF53F900B8E00C /* ContentView.swift */ = {isa = PBXFileReference; lastKnownFileType = sourcecode.swift; path = ContentView.swift; sourceTree = "<group>"; };
		1807251A2AFF53FA00B8E00C /* Assets.xcassets */ = {isa = PBXFileReference; lastKnownFileType = folder.assetcatalog; path = Assets.xcassets; sourceTree = "<group>"; };
		1807251C2AFF53FA00B8E00C /* FZStreamChat.entitlements */ = {isa = PBXFileReference; lastKnownFileType = text.plist.entitlements; path = FZStreamChat.entitlements; sourceTree = "<group>"; };
		1807251E2AFF53FA00B8E00C /* Preview Assets.xcassets */ = {isa = PBXFileReference; lastKnownFileType = folder.assetcatalog; path = "Preview Assets.xcassets"; sourceTree = "<group>"; };
		180725242AFF53FA00B8E00C /* FZStreamChatTests.xctest */ = {isa = PBXFileReference; explicitFileType = wrapper.cfbundle; includeInIndex = 0; path = FZStreamChatTests.xctest; sourceTree = BUILT_PRODUCTS_DIR; };
		180725282AFF53FA00B8E00C /* FZStreamChatTests.swift */ = {isa = PBXFileReference; lastKnownFileType = sourcecode.swift; path = FZStreamChatTests.swift; sourceTree = "<group>"; };
		1807252E2AFF53FA00B8E00C /* FZStreamChatUITests.xctest */ = {isa = PBXFileReference; explicitFileType = wrapper.cfbundle; includeInIndex = 0; path = FZStreamChatUITests.xctest; sourceTree = BUILT_PRODUCTS_DIR; };
		180725322AFF53FA00B8E00C /* FZStreamChatUITests.swift */ = {isa = PBXFileReference; lastKnownFileType = sourcecode.swift; path = FZStreamChatUITests.swift; sourceTree = "<group>"; };
		180725342AFF53FA00B8E00C /* FZStreamChatUITestsLaunchTests.swift */ = {isa = PBXFileReference; lastKnownFileType = sourcecode.swift; path = FZStreamChatUITestsLaunchTests.swift; sourceTree = "<group>"; };
		180725462AFF65FA00B8E00C /* Info.plist */ = {isa = PBXFileReference; lastKnownFileType = text.plist; path = Info.plist; sourceTree = "<group>"; };
/* End PBXFileReference section */

/* Begin PBXFrameworksBuildPhase section */
		180725102AFF53F900B8E00C /* Frameworks */ = {
			isa = PBXFrameworksBuildPhase;
			buildActionMask = 2147483647;
			files = (
				180725432AFF57FE00B8E00C /* StreamChatSwiftUI in Frameworks */,
			);
			runOnlyForDeploymentPostprocessing = 0;
		};
		180725212AFF53FA00B8E00C /* Frameworks */ = {
			isa = PBXFrameworksBuildPhase;
			buildActionMask = 2147483647;
			files = (
			);
			runOnlyForDeploymentPostprocessing = 0;
		};
		1807252B2AFF53FA00B8E00C /* Frameworks */ = {
			isa = PBXFrameworksBuildPhase;
			buildActionMask = 2147483647;
			files = (
			);
			runOnlyForDeploymentPostprocessing = 0;
		};
/* End PBXFrameworksBuildPhase section */

/* Begin PBXGroup section */
		1807250A2AFF53F900B8E00C = {
			isa = PBXGroup;
			children = (
				180725152AFF53F900B8E00C /* FZStreamChat */,
				180725272AFF53FA00B8E00C /* FZStreamChatTests */,
				180725312AFF53FA00B8E00C /* FZStreamChatUITests */,
				180725142AFF53F900B8E00C /* Products */,
			);
			sourceTree = "<group>";
		};
		180725142AFF53F900B8E00C /* Products */ = {
			isa = PBXGroup;
			children = (
				180725132AFF53F900B8E00C /* FZStreamChat.app */,
				180725242AFF53FA00B8E00C /* FZStreamChatTests.xctest */,
				1807252E2AFF53FA00B8E00C /* FZStreamChatUITests.xctest */,
			);
			name = Products;
			sourceTree = "<group>";
		};
		180725152AFF53F900B8E00C /* FZStreamChat */ = {
			isa = PBXGroup;
			children = (
				180725462AFF65FA00B8E00C /* Info.plist */,
				180725162AFF53F900B8E00C /* FZStreamChatApp.swift */,
				180725182AFF53F900B8E00C /* ContentView.swift */,
				1807251A2AFF53FA00B8E00C /* Assets.xcassets */,
				1807251C2AFF53FA00B8E00C /* FZStreamChat.entitlements */,
				1807251D2AFF53FA00B8E00C /* Preview Content */,
			);
			path = FZStreamChat;
			sourceTree = "<group>";
		};
		1807251D2AFF53FA00B8E00C /* Preview Content */ = {
			isa = PBXGroup;
			children = (
				1807251E2AFF53FA00B8E00C /* Preview Assets.xcassets */,
			);
			path = "Preview Content";
			sourceTree = "<group>";
		};
		180725272AFF53FA00B8E00C /* FZStreamChatTests */ = {
			isa = PBXGroup;
			children = (
				180725282AFF53FA00B8E00C /* FZStreamChatTests.swift */,
			);
			path = FZStreamChatTests;
			sourceTree = "<group>";
		};
		180725312AFF53FA00B8E00C /* FZStreamChatUITests */ = {
			isa = PBXGroup;
			children = (
				180725322AFF53FA00B8E00C /* FZStreamChatUITests.swift */,
				180725342AFF53FA00B8E00C /* FZStreamChatUITestsLaunchTests.swift */,
			);
			path = FZStreamChatUITests;
			sourceTree = "<group>";
		};
/* End PBXGroup section */

/* Begin PBXNativeTarget section */
		180725122AFF53F900B8E00C /* FZStreamChat */ = {
			isa = PBXNativeTarget;
			buildConfigurationList = 180725382AFF53FA00B8E00C /* Build configuration list for PBXNativeTarget "FZStreamChat" */;
			buildPhases = (
				1807250F2AFF53F900B8E00C /* Sources */,
				180725102AFF53F900B8E00C /* Frameworks */,
				180725112AFF53F900B8E00C /* Resources */,
			);
			buildRules = (
			);
			dependencies = (
			);
			name = FZStreamChat;
			packageProductDependencies = (
				180725422AFF57FE00B8E00C /* StreamChatSwiftUI */,
			);
			productName = FZStreamChat;
			productReference = 180725132AFF53F900B8E00C /* FZStreamChat.app */;
			productType = "com.apple.product-type.application";
		};
		180725232AFF53FA00B8E00C /* FZStreamChatTests */ = {
			isa = PBXNativeTarget;
			buildConfigurationList = 1807253B2AFF53FA00B8E00C /* Build configuration list for PBXNativeTarget "FZStreamChatTests" */;
			buildPhases = (
				180725202AFF53FA00B8E00C /* Sources */,
				180725212AFF53FA00B8E00C /* Frameworks */,
				180725222AFF53FA00B8E00C /* Resources */,
			);
			buildRules = (
			);
			dependencies = (
				180725262AFF53FA00B8E00C /* PBXTargetDependency */,
			);
			name = FZStreamChatTests;
			productName = FZStreamChatTests;
			productReference = 180725242AFF53FA00B8E00C /* FZStreamChatTests.xctest */;
			productType = "com.apple.product-type.bundle.unit-test";
		};
		1807252D2AFF53FA00B8E00C /* FZStreamChatUITests */ = {
			isa = PBXNativeTarget;
			buildConfigurationList = 1807253E2AFF53FA00B8E00C /* Build configuration list for PBXNativeTarget "FZStreamChatUITests" */;
			buildPhases = (
				1807252A2AFF53FA00B8E00C /* Sources */,
				1807252B2AFF53FA00B8E00C /* Frameworks */,
				1807252C2AFF53FA00B8E00C /* Resources */,
			);
			buildRules = (
			);
			dependencies = (
				180725302AFF53FA00B8E00C /* PBXTargetDependency */,
			);
			name = FZStreamChatUITests;
			productName = FZStreamChatUITests;
			productReference = 1807252E2AFF53FA00B8E00C /* FZStreamChatUITests.xctest */;
			productType = "com.apple.product-type.bundle.ui-testing";
		};
/* End PBXNativeTarget section */

/* Begin PBXProject section */
		1807250B2AFF53F900B8E00C /* Project object */ = {
			isa = PBXProject;
			attributes = {
				BuildIndependentTargetsInParallel = 1;
				LastSwiftUpdateCheck = 1500;
				LastUpgradeCheck = 1500;
				TargetAttributes = {
					180725122AFF53F900B8E00C = {
						CreatedOnToolsVersion = 15.0.1;
					};
					180725232AFF53FA00B8E00C = {
						CreatedOnToolsVersion = 15.0.1;
						TestTargetID = 180725122AFF53F900B8E00C;
					};
					1807252D2AFF53FA00B8E00C = {
						CreatedOnToolsVersion = 15.0.1;
						TestTargetID = 180725122AFF53F900B8E00C;
					};
				};
			};
			buildConfigurationList = 1807250E2AFF53F900B8E00C /* Build configuration list for PBXProject "FZStreamChat" */;
			compatibilityVersion = "Xcode 14.0";
			developmentRegion = en;
			hasScannedForEncodings = 0;
			knownRegions = (
				en,
				Base,
			);
			mainGroup = 1807250A2AFF53F900B8E00C;
			packageReferences = (
				180725412AFF57FE00B8E00C /* XCRemoteSwiftPackageReference "stream-chat-swiftui" */,
			);
			productRefGroup = 180725142AFF53F900B8E00C /* Products */;
			projectDirPath = "";
			projectRoot = "";
			targets = (
				180725122AFF53F900B8E00C /* FZStreamChat */,
				180725232AFF53FA00B8E00C /* FZStreamChatTests */,
				1807252D2AFF53FA00B8E00C /* FZStreamChatUITests */,
			);
		};
/* End PBXProject section */

/* Begin PBXResourcesBuildPhase section */
		180725112AFF53F900B8E00C /* Resources */ = {
			isa = PBXResourcesBuildPhase;
			buildActionMask = 2147483647;
			files = (
				1807251F2AFF53FA00B8E00C /* Preview Assets.xcassets in Resources */,
				1807251B2AFF53FA00B8E00C /* Assets.xcassets in Resources */,
			);
			runOnlyForDeploymentPostprocessing = 0;
		};
		180725222AFF53FA00B8E00C /* Resources */ = {
			isa = PBXResourcesBuildPhase;
			buildActionMask = 2147483647;
			files = (
			);
			runOnlyForDeploymentPostprocessing = 0;
		};
		1807252C2AFF53FA00B8E00C /* Resources */ = {
			isa = PBXResourcesBuildPhase;
			buildActionMask = 2147483647;
			files = (
			);
			runOnlyForDeploymentPostprocessing = 0;
		};
/* End PBXResourcesBuildPhase section */

/* Begin PBXSourcesBuildPhase section */
		1807250F2AFF53F900B8E00C /* Sources */ = {
			isa = PBXSourcesBuildPhase;
			buildActionMask = 2147483647;
			files = (
				180725192AFF53F900B8E00C /* ContentView.swift in Sources */,
				180725172AFF53F900B8E00C /* FZStreamChatApp.swift in Sources */,
			);
			runOnlyForDeploymentPostprocessing = 0;
		};
		180725202AFF53FA00B8E00C /* Sources */ = {
			isa = PBXSourcesBuildPhase;
			buildActionMask = 2147483647;
			files = (
				180725292AFF53FA00B8E00C /* FZStreamChatTests.swift in Sources */,
			);
			runOnlyForDeploymentPostprocessing = 0;
		};
		1807252A2AFF53FA00B8E00C /* Sources */ = {
			isa = PBXSourcesBuildPhase;
			buildActionMask = 2147483647;
			files = (
				180725352AFF53FA00B8E00C /* FZStreamChatUITestsLaunchTests.swift in Sources */,
				180725332AFF53FA00B8E00C /* FZStreamChatUITests.swift in Sources */,
			);
			runOnlyForDeploymentPostprocessing = 0;
		};
/* End PBXSourcesBuildPhase section */

/* Begin PBXTargetDependency section */
		180725262AFF53FA00B8E00C /* PBXTargetDependency */ = {
			isa = PBXTargetDependency;
			target = 180725122AFF53F900B8E00C /* FZStreamChat */;
			targetProxy = 180725252AFF53FA00B8E00C /* PBXContainerItemProxy */;
		};
		180725302AFF53FA00B8E00C /* PBXTargetDependency */ = {
			isa = PBXTargetDependency;
			target = 180725122AFF53F900B8E00C /* FZStreamChat */;
			targetProxy = 1807252F2AFF53FA00B8E00C /* PBXContainerItemProxy */;
		};
/* End PBXTargetDependency section */

/* Begin XCBuildConfiguration section */
		180725362AFF53FA00B8E00C /* Debug */ = {
			isa = XCBuildConfiguration;
			buildSettings = {
				ALWAYS_SEARCH_USER_PATHS = NO;
				ASSETCATALOG_COMPILER_GENERATE_SWIFT_ASSET_SYMBOL_EXTENSIONS = YES;
				CLANG_ANALYZER_NONNULL = YES;
				CLANG_ANALYZER_NUMBER_OBJECT_CONVERSION = YES_AGGRESSIVE;
				CLANG_CXX_LANGUAGE_STANDARD = "gnu++20";
				CLANG_ENABLE_MODULES = YES;
				CLANG_ENABLE_OBJC_ARC = YES;
				CLANG_ENABLE_OBJC_WEAK = YES;
				CLANG_WARN_BLOCK_CAPTURE_AUTORELEASING = YES;
				CLANG_WARN_BOOL_CONVERSION = YES;
				CLANG_WARN_COMMA = YES;
				CLANG_WARN_CONSTANT_CONVERSION = YES;
				CLANG_WARN_DEPRECATED_OBJC_IMPLEMENTATIONS = YES;
				CLANG_WARN_DIRECT_OBJC_ISA_USAGE = YES_ERROR;
				CLANG_WARN_DOCUMENTATION_COMMENTS = YES;
				CLANG_WARN_EMPTY_BODY = YES;
				CLANG_WARN_ENUM_CONVERSION = YES;
				CLANG_WARN_INFINITE_RECURSION = YES;
				CLANG_WARN_INT_CONVERSION = YES;
				CLANG_WARN_NON_LITERAL_NULL_CONVERSION = YES;
				CLANG_WARN_OBJC_IMPLICIT_RETAIN_SELF = YES;
				CLANG_WARN_OBJC_LITERAL_CONVERSION = YES;
				CLANG_WARN_OBJC_ROOT_CLASS = YES_ERROR;
				CLANG_WARN_QUOTED_INCLUDE_IN_FRAMEWORK_HEADER = YES;
				CLANG_WARN_RANGE_LOOP_ANALYSIS = YES;
				CLANG_WARN_STRICT_PROTOTYPES = YES;
				CLANG_WARN_SUSPICIOUS_MOVE = YES;
				CLANG_WARN_UNGUARDED_AVAILABILITY = YES_AGGRESSIVE;
				CLANG_WARN_UNREACHABLE_CODE = YES;
				CLANG_WARN__DUPLICATE_METHOD_MATCH = YES;
				COPY_PHASE_STRIP = NO;
				DEBUG_INFORMATION_FORMAT = dwarf;
				ENABLE_STRICT_OBJC_MSGSEND = YES;
				ENABLE_TESTABILITY = YES;
				ENABLE_USER_SCRIPT_SANDBOXING = YES;
				GCC_C_LANGUAGE_STANDARD = gnu17;
				GCC_DYNAMIC_NO_PIC = NO;
				GCC_NO_COMMON_BLOCKS = YES;
				GCC_OPTIMIZATION_LEVEL = 0;
				GCC_PREPROCESSOR_DEFINITIONS = (
					"DEBUG=1",
					"$(inherited)",
				);
				GCC_WARN_64_TO_32_BIT_CONVERSION = YES;
				GCC_WARN_ABOUT_RETURN_TYPE = YES_ERROR;
				GCC_WARN_UNDECLARED_SELECTOR = YES;
				GCC_WARN_UNINITIALIZED_AUTOS = YES_AGGRESSIVE;
				GCC_WARN_UNUSED_FUNCTION = YES;
				GCC_WARN_UNUSED_VARIABLE = YES;
				LOCALIZATION_PREFERS_STRING_CATALOGS = YES;
				MTL_ENABLE_DEBUG_INFO = INCLUDE_SOURCE;
				MTL_FAST_MATH = YES;
				ONLY_ACTIVE_ARCH = YES;
				SWIFT_ACTIVE_COMPILATION_CONDITIONS = "DEBUG $(inherited)";
				SWIFT_OPTIMIZATION_LEVEL = "-Onone";
			};
			name = Debug;
		};
		180725372AFF53FA00B8E00C /* Release */ = {
			isa = XCBuildConfiguration;
			buildSettings = {
				ALWAYS_SEARCH_USER_PATHS = NO;
				ASSETCATALOG_COMPILER_GENERATE_SWIFT_ASSET_SYMBOL_EXTENSIONS = YES;
				CLANG_ANALYZER_NONNULL = YES;
				CLANG_ANALYZER_NUMBER_OBJECT_CONVERSION = YES_AGGRESSIVE;
				CLANG_CXX_LANGUAGE_STANDARD = "gnu++20";
				CLANG_ENABLE_MODULES = YES;
				CLANG_ENABLE_OBJC_ARC = YES;
				CLANG_ENABLE_OBJC_WEAK = YES;
				CLANG_WARN_BLOCK_CAPTURE_AUTORELEASING = YES;
				CLANG_WARN_BOOL_CONVERSION = YES;
				CLANG_WARN_COMMA = YES;
				CLANG_WARN_CONSTANT_CONVERSION = YES;
				CLANG_WARN_DEPRECATED_OBJC_IMPLEMENTATIONS = YES;
				CLANG_WARN_DIRECT_OBJC_ISA_USAGE = YES_ERROR;
				CLANG_WARN_DOCUMENTATION_COMMENTS = YES;
				CLANG_WARN_EMPTY_BODY = YES;
				CLANG_WARN_ENUM_CONVERSION = YES;
				CLANG_WARN_INFINITE_RECURSION = YES;
				CLANG_WARN_INT_CONVERSION = YES;
				CLANG_WARN_NON_LITERAL_NULL_CONVERSION = YES;
				CLANG_WARN_OBJC_IMPLICIT_RETAIN_SELF = YES;
				CLANG_WARN_OBJC_LITERAL_CONVERSION = YES;
				CLANG_WARN_OBJC_ROOT_CLASS = YES_ERROR;
				CLANG_WARN_QUOTED_INCLUDE_IN_FRAMEWORK_HEADER = YES;
				CLANG_WARN_RANGE_LOOP_ANALYSIS = YES;
				CLANG_WARN_STRICT_PROTOTYPES = YES;
				CLANG_WARN_SUSPICIOUS_MOVE = YES;
				CLANG_WARN_UNGUARDED_AVAILABILITY = YES_AGGRESSIVE;
				CLANG_WARN_UNREACHABLE_CODE = YES;
				CLANG_WARN__DUPLICATE_METHOD_MATCH = YES;
				COPY_PHASE_STRIP = NO;
				DEBUG_INFORMATION_FORMAT = "dwarf-with-dsym";
				ENABLE_NS_ASSERTIONS = NO;
				ENABLE_STRICT_OBJC_MSGSEND = YES;
				ENABLE_USER_SCRIPT_SANDBOXING = YES;
				GCC_C_LANGUAGE_STANDARD = gnu17;
				GCC_NO_COMMON_BLOCKS = YES;
				GCC_WARN_64_TO_32_BIT_CONVERSION = YES;
				GCC_WARN_ABOUT_RETURN_TYPE = YES_ERROR;
				GCC_WARN_UNDECLARED_SELECTOR = YES;
				GCC_WARN_UNINITIALIZED_AUTOS = YES_AGGRESSIVE;
				GCC_WARN_UNUSED_FUNCTION = YES;
				GCC_WARN_UNUSED_VARIABLE = YES;
				LOCALIZATION_PREFERS_STRING_CATALOGS = YES;
				MTL_ENABLE_DEBUG_INFO = NO;
				MTL_FAST_MATH = YES;
				SWIFT_COMPILATION_MODE = wholemodule;
			};
			name = Release;
		};
		180725392AFF53FA00B8E00C /* Debug */ = {
			isa = XCBuildConfiguration;
			buildSettings = {
				ASSETCATALOG_COMPILER_APPICON_NAME = AppIcon;
				ASSETCATALOG_COMPILER_GLOBAL_ACCENT_COLOR_NAME = AccentColor;
				CODE_SIGN_ENTITLEMENTS = FZStreamChat/FZStreamChat.entitlements;
				CODE_SIGN_STYLE = Automatic;
				CURRENT_PROJECT_VERSION = 1;
				DEVELOPMENT_ASSET_PATHS = "\"FZStreamChat/Preview Content\"";
				DEVELOPMENT_TEAM = ULX5P6QCP8;
				ENABLE_HARDENED_RUNTIME = YES;
				ENABLE_PREVIEWS = YES;
				GENERATE_INFOPLIST_FILE = YES;
				INFOPLIST_FILE = FZStreamChat/Info.plist;
				INFOPLIST_KEY_NSCameraUsageDescription = "SwiftUIChatDemo camera use";
				INFOPLIST_KEY_NSPhotoLibraryUsageDescription = "SwiftUIChatDemo photo use";
				"INFOPLIST_KEY_UIApplicationSceneManifest_Generation[sdk=iphoneos*]" = YES;
				"INFOPLIST_KEY_UIApplicationSceneManifest_Generation[sdk=iphonesimulator*]" = YES;
				"INFOPLIST_KEY_UIApplicationSupportsIndirectInputEvents[sdk=iphoneos*]" = YES;
				"INFOPLIST_KEY_UIApplicationSupportsIndirectInputEvents[sdk=iphonesimulator*]" = YES;
				"INFOPLIST_KEY_UILaunchScreen_Generation[sdk=iphoneos*]" = YES;
				"INFOPLIST_KEY_UILaunchScreen_Generation[sdk=iphonesimulator*]" = YES;
				"INFOPLIST_KEY_UIStatusBarStyle[sdk=iphoneos*]" = UIStatusBarStyleDefault;
				"INFOPLIST_KEY_UIStatusBarStyle[sdk=iphonesimulator*]" = UIStatusBarStyleDefault;
				INFOPLIST_KEY_UISupportedInterfaceOrientations_iPad = "UIInterfaceOrientationPortrait UIInterfaceOrientationPortraitUpsideDown UIInterfaceOrientationLandscapeLeft UIInterfaceOrientationLandscapeRight";
				INFOPLIST_KEY_UISupportedInterfaceOrientations_iPhone = "UIInterfaceOrientationPortrait UIInterfaceOrientationLandscapeLeft UIInterfaceOrientationLandscapeRight";
				IPHONEOS_DEPLOYMENT_TARGET = 17.0;
				LD_RUNPATH_SEARCH_PATHS = "@executable_path/Frameworks";
				"LD_RUNPATH_SEARCH_PATHS[sdk=macosx*]" = "@executable_path/../Frameworks";
				MACOSX_DEPLOYMENT_TARGET = 13.6;
				MARKETING_VERSION = 1.0;
				PRODUCT_BUNDLE_IDENTIFIER = com.fz.FZStreamChat;
				PRODUCT_NAME = "$(TARGET_NAME)";
				SDKROOT = auto;
				SUPPORTED_PLATFORMS = "iphoneos iphonesimulator macosx";
				SWIFT_EMIT_LOC_STRINGS = YES;
				SWIFT_VERSION = 5.0;
				TARGETED_DEVICE_FAMILY = "1,2";
			};
			name = Debug;
		};
		1807253A2AFF53FA00B8E00C /* Release */ = {
			isa = XCBuildConfiguration;
			buildSettings = {
				ASSETCATALOG_COMPILER_APPICON_NAME = AppIcon;
				ASSETCATALOG_COMPILER_GLOBAL_ACCENT_COLOR_NAME = AccentColor;
				CODE_SIGN_ENTITLEMENTS = FZStreamChat/FZStreamChat.entitlements;
				CODE_SIGN_STYLE = Automatic;
				CURRENT_PROJECT_VERSION = 1;
				DEVELOPMENT_ASSET_PATHS = "\"FZStreamChat/Preview Content\"";
				DEVELOPMENT_TEAM = ULX5P6QCP8;
				ENABLE_HARDENED_RUNTIME = YES;
				ENABLE_PREVIEWS = YES;
				GENERATE_INFOPLIST_FILE = YES;
				INFOPLIST_FILE = FZStreamChat/Info.plist;
				INFOPLIST_KEY_NSCameraUsageDescription = "SwiftUIChatDemo camera use";
				INFOPLIST_KEY_NSPhotoLibraryUsageDescription = "SwiftUIChatDemo photo use";
				"INFOPLIST_KEY_UIApplicationSceneManifest_Generation[sdk=iphoneos*]" = YES;
				"INFOPLIST_KEY_UIApplicationSceneManifest_Generation[sdk=iphonesimulator*]" = YES;
				"INFOPLIST_KEY_UIApplicationSupportsIndirectInputEvents[sdk=iphoneos*]" = YES;
				"INFOPLIST_KEY_UIApplicationSupportsIndirectInputEvents[sdk=iphonesimulator*]" = YES;
				"INFOPLIST_KEY_UILaunchScreen_Generation[sdk=iphoneos*]" = YES;
				"INFOPLIST_KEY_UILaunchScreen_Generation[sdk=iphonesimulator*]" = YES;
				"INFOPLIST_KEY_UIStatusBarStyle[sdk=iphoneos*]" = UIStatusBarStyleDefault;
				"INFOPLIST_KEY_UIStatusBarStyle[sdk=iphonesimulator*]" = UIStatusBarStyleDefault;
				INFOPLIST_KEY_UISupportedInterfaceOrientations_iPad = "UIInterfaceOrientationPortrait UIInterfaceOrientationPortraitUpsideDown UIInterfaceOrientationLandscapeLeft UIInterfaceOrientationLandscapeRight";
				INFOPLIST_KEY_UISupportedInterfaceOrientations_iPhone = "UIInterfaceOrientationPortrait UIInterfaceOrientationLandscapeLeft UIInterfaceOrientationLandscapeRight";
				IPHONEOS_DEPLOYMENT_TARGET = 17.0;
				LD_RUNPATH_SEARCH_PATHS = "@executable_path/Frameworks";
				"LD_RUNPATH_SEARCH_PATHS[sdk=macosx*]" = "@executable_path/../Frameworks";
				MACOSX_DEPLOYMENT_TARGET = 13.6;
				MARKETING_VERSION = 1.0;
				PRODUCT_BUNDLE_IDENTIFIER = com.fz.FZStreamChat;
				PRODUCT_NAME = "$(TARGET_NAME)";
				SDKROOT = auto;
				SUPPORTED_PLATFORMS = "iphoneos iphonesimulator macosx";
				SWIFT_EMIT_LOC_STRINGS = YES;
				SWIFT_VERSION = 5.0;
				TARGETED_DEVICE_FAMILY = "1,2";
			};
			name = Release;
		};
		1807253C2AFF53FA00B8E00C /* Debug */ = {
			isa = XCBuildConfiguration;
			buildSettings = {
				ALWAYS_EMBED_SWIFT_STANDARD_LIBRARIES = YES;
				BUNDLE_LOADER = "$(TEST_HOST)";
				CODE_SIGN_STYLE = Automatic;
				CURRENT_PROJECT_VERSION = 1;
				DEVELOPMENT_TEAM = ULX5P6QCP8;
				GENERATE_INFOPLIST_FILE = YES;
				IPHONEOS_DEPLOYMENT_TARGET = 17.0;
				MACOSX_DEPLOYMENT_TARGET = 13.6;
				MARKETING_VERSION = 1.0;
				PRODUCT_BUNDLE_IDENTIFIER = com.fz.FZStreamChatTests;
				PRODUCT_NAME = "$(TARGET_NAME)";
				SDKROOT = auto;
				SUPPORTED_PLATFORMS = "iphoneos iphonesimulator macosx";
				SWIFT_EMIT_LOC_STRINGS = NO;
				SWIFT_VERSION = 5.0;
				TARGETED_DEVICE_FAMILY = "1,2";
				TEST_HOST = "$(BUILT_PRODUCTS_DIR)/FZStreamChat.app/$(BUNDLE_EXECUTABLE_FOLDER_PATH)/FZStreamChat";
			};
			name = Debug;
		};
		1807253D2AFF53FA00B8E00C /* Release */ = {
			isa = XCBuildConfiguration;
			buildSettings = {
				ALWAYS_EMBED_SWIFT_STANDARD_LIBRARIES = YES;
				BUNDLE_LOADER = "$(TEST_HOST)";
				CODE_SIGN_STYLE = Automatic;
				CURRENT_PROJECT_VERSION = 1;
				DEVELOPMENT_TEAM = ULX5P6QCP8;
				GENERATE_INFOPLIST_FILE = YES;
				IPHONEOS_DEPLOYMENT_TARGET = 17.0;
				MACOSX_DEPLOYMENT_TARGET = 13.6;
				MARKETING_VERSION = 1.0;
				PRODUCT_BUNDLE_IDENTIFIER = com.fz.FZStreamChatTests;
				PRODUCT_NAME = "$(TARGET_NAME)";
				SDKROOT = auto;
				SUPPORTED_PLATFORMS = "iphoneos iphonesimulator macosx";
				SWIFT_EMIT_LOC_STRINGS = NO;
				SWIFT_VERSION = 5.0;
				TARGETED_DEVICE_FAMILY = "1,2";
				TEST_HOST = "$(BUILT_PRODUCTS_DIR)/FZStreamChat.app/$(BUNDLE_EXECUTABLE_FOLDER_PATH)/FZStreamChat";
			};
			name = Release;
		};
		1807253F2AFF53FA00B8E00C /* Debug */ = {
			isa = XCBuildConfiguration;
			buildSettings = {
				ALWAYS_EMBED_SWIFT_STANDARD_LIBRARIES = YES;
				CODE_SIGN_STYLE = Automatic;
				CURRENT_PROJECT_VERSION = 1;
				DEVELOPMENT_TEAM = ULX5P6QCP8;
				GENERATE_INFOPLIST_FILE = YES;
				IPHONEOS_DEPLOYMENT_TARGET = 17.0;
				MACOSX_DEPLOYMENT_TARGET = 13.6;
				MARKETING_VERSION = 1.0;
				PRODUCT_BUNDLE_IDENTIFIER = com.fz.FZStreamChatUITests;
				PRODUCT_NAME = "$(TARGET_NAME)";
				SDKROOT = auto;
				SUPPORTED_PLATFORMS = "iphoneos iphonesimulator macosx";
				SWIFT_EMIT_LOC_STRINGS = NO;
				SWIFT_VERSION = 5.0;
				TARGETED_DEVICE_FAMILY = "1,2";
				TEST_TARGET_NAME = FZStreamChat;
			};
			name = Debug;
		};
		180725402AFF53FA00B8E00C /* Release */ = {
			isa = XCBuildConfiguration;
			buildSettings = {
				ALWAYS_EMBED_SWIFT_STANDARD_LIBRARIES = YES;
				CODE_SIGN_STYLE = Automatic;
				CURRENT_PROJECT_VERSION = 1;
				DEVELOPMENT_TEAM = ULX5P6QCP8;
				GENERATE_INFOPLIST_FILE = YES;
				IPHONEOS_DEPLOYMENT_TARGET = 17.0;
				MACOSX_DEPLOYMENT_TARGET = 13.6;
				MARKETING_VERSION = 1.0;
				PRODUCT_BUNDLE_IDENTIFIER = com.fz.FZStreamChatUITests;
				PRODUCT_NAME = "$(TARGET_NAME)";
				SDKROOT = auto;
				SUPPORTED_PLATFORMS = "iphoneos iphonesimulator macosx";
				SWIFT_EMIT_LOC_STRINGS = NO;
				SWIFT_VERSION = 5.0;
				TARGETED_DEVICE_FAMILY = "1,2";
				TEST_TARGET_NAME = FZStreamChat;
			};
			name = Release;
		};
/* End XCBuildConfiguration section */

/* Begin XCConfigurationList section */
		1807250E2AFF53F900B8E00C /* Build configuration list for PBXProject "FZStreamChat" */ = {
			isa = XCConfigurationList;
			buildConfigurations = (
				180725362AFF53FA00B8E00C /* Debug */,
				180725372AFF53FA00B8E00C /* Release */,
			);
			defaultConfigurationIsVisible = 0;
			defaultConfigurationName = Release;
		};
		180725382AFF53FA00B8E00C /* Build configuration list for PBXNativeTarget "FZStreamChat" */ = {
			isa = XCConfigurationList;
			buildConfigurations = (
				180725392AFF53FA00B8E00C /* Debug */,
				1807253A2AFF53FA00B8E00C /* Release */,
			);
			defaultConfigurationIsVisible = 0;
			defaultConfigurationName = Release;
		};
		1807253B2AFF53FA00B8E00C /* Build configuration list for PBXNativeTarget "FZStreamChatTests" */ = {
			isa = XCConfigurationList;
			buildConfigurations = (
				1807253C2AFF53FA00B8E00C /* Debug */,
				1807253D2AFF53FA00B8E00C /* Release */,
			);
			defaultConfigurationIsVisible = 0;
			defaultConfigurationName = Release;
		};
		1807253E2AFF53FA00B8E00C /* Build configuration list for PBXNativeTarget "FZStreamChatUITests" */ = {
			isa = XCConfigurationList;
			buildConfigurations = (
				1807253F2AFF53FA00B8E00C /* Debug */,
				180725402AFF53FA00B8E00C /* Release */,
			);
			defaultConfigurationIsVisible = 0;
			defaultConfigurationName = Release;
		};
/* End XCConfigurationList section */

/* Begin XCRemoteSwiftPackageReference section */
		180725412AFF57FE00B8E00C /* XCRemoteSwiftPackageReference "stream-chat-swiftui" */ = {
			isa = XCRemoteSwiftPackageReference;
			repositoryURL = "https://github.com/getstream/stream-chat-swiftui";
			requirement = {
				branch = main;
				kind = branch;
			};
		};
/* End XCRemoteSwiftPackageReference section */

/* Begin XCSwiftPackageProductDependency section */
		180725422AFF57FE00B8E00C /* StreamChatSwiftUI */ = {
			isa = XCSwiftPackageProductDependency;
			package = 180725412AFF57FE00B8E00C /* XCRemoteSwiftPackageReference "stream-chat-swiftui" */;
			productName = StreamChatSwiftUI;
		};
/* End XCSwiftPackageProductDependency section */
	};
	rootObject = 1807250B2AFF53F900B8E00C /* Project object */;
}
